
Microsoft Visual Studio Solution File, Format Version 12.00
# Visual Studio 15
VisualStudioVersion = 15.0.28307.779
MinimumVisualStudioVersion = 10.0.40219.1
Project("{FAE04EC0-301F-11D3-BF4B-00C04F79EFBC}") = "ReplayViewer", "ReplayViewer\ReplayViewer.csproj", "{A1AA2B6C-0B5C-4ADC-ACEA-408AE509BE9A}"
EndProject
Project("{FAE04EC0-301F-11D3-BF4B-00C04F79EFBC}") = "Updater", "Updater\Updater.csproj", "{2E5630E4-381F-4502-82CF-D4645B5513C8}"
EndProject
Project("{FAE04EC0-301F-11D3-BF4B-00C04F79EFBC}") = "ManifestGenerator", "ManifestGenerator\ManifestGenerator.csproj", "{68A0CE8E-3AEE-47E4-9E23-B6F543D5C499}"
EndProject
Global
	GlobalSection(SolutionConfigurationPlatforms) = preSolution
		Debug|Any CPU = Debug|Any CPU
		Debug|x64 = Debug|x64
		Debug|x86 = Debug|x86
		Release|Any CPU = Release|Any CPU
		Release|x64 = Release|x64
		Release|x86 = Release|x86
	EndGlobalSection
	GlobalSection(ProjectConfigurationPlatforms) = postSolution
		{A1AA2B6C-0B5C-4ADC-ACEA-408AE509BE9A}.Debug|Any CPU.ActiveCfg = Debug|Any CPU
		{A1AA2B6C-0B5C-4ADC-ACEA-408AE509BE9A}.Debug|Any CPU.Build.0 = Debug|Any CPU
		{A1AA2B6C-0B5C-4ADC-ACEA-408AE509BE9A}.Debug|x64.ActiveCfg = Debug|Any CPU
		{A1AA2B6C-0B5C-4ADC-ACEA-408AE509BE9A}.Debug|x64.Build.0 = Debug|Any CPU
		{A1AA2B6C-0B5C-4ADC-ACEA-408AE509BE9A}.Debug|x86.ActiveCfg = Debug|Any CPU
		{A1AA2B6C-0B5C-4ADC-ACEA-408AE509BE9A}.Debug|x86.Build.0 = Debug|Any CPU
		{A1AA2B6C-0B5C-4ADC-ACEA-408AE509BE9A}.Release|Any CPU.ActiveCfg = Release|Any CPU
		{A1AA2B6C-0B5C-4ADC-ACEA-408AE509BE9A}.Release|Any CPU.Build.0 = Release|Any CPU
		{A1AA2B6C-0B5C-4ADC-ACEA-408AE509BE9A}.Release|x64.ActiveCfg = Release|Any CPU
		{A1AA2B6C-0B5C-4ADC-ACEA-408AE509BE9A}.Release|x64.Build.0 = Release|Any CPU
		{A1AA2B6C-0B5C-4ADC-ACEA-408AE509BE9A}.Release|x86.ActiveCfg = Release|Any CPU
		{A1AA2B6C-0B5C-4ADC-ACEA-408AE509BE9A}.Release|x86.Build.0 = Release|Any CPU
		{2E5630E4-381F-4502-82CF-D4645B5513C8}.Debug|Any CPU.ActiveCfg = Debug|Any CPU
		{2E5630E4-381F-4502-82CF-D4645B5513C8}.Debug|Any CPU.Build.0 = Debug|Any CPU
		{2E5630E4-381F-4502-82CF-D4645B5513C8}.Debug|x64.ActiveCfg = Debug|Any CPU
		{2E5630E4-381F-4502-82CF-D4645B5513C8}.Debug|x64.Build.0 = Debug|Any CPU
		{2E5630E4-381F-4502-82CF-D4645B5513C8}.Debug|x86.ActiveCfg = Debug|Any CPU
		{2E5630E4-381F-4502-82CF-D4645B5513C8}.Debug|x86.Build.0 = Debug|Any CPU
		{2E5630E4-381F-4502-82CF-D4645B5513C8}.Release|Any CPU.ActiveCfg = Release|Any CPU
		{2E5630E4-381F-4502-82CF-D4645B5513C8}.Release|Any CPU.Build.0 = Release|Any CPU
		{2E5630E4-381F-4502-82CF-D4645B5513C8}.Release|x64.ActiveCfg = Release|Any CPU
		{2E5630E4-381F-4502-82CF-D4645B5513C8}.Release|x64.Build.0 = Release|Any CPU
		{2E5630E4-381F-4502-82CF-D4645B5513C8}.Release|x86.ActiveCfg = Release|Any CPU
		{2E5630E4-381F-4502-82CF-D4645B5513C8}.Release|x86.Build.0 = Release|Any CPU
		{68A0CE8E-3AEE-47E4-9E23-B6F543D5C499}.Debug|Any CPU.ActiveCfg = Debug|Any CPU
		{68A0CE8E-3AEE-47E4-9E23-B6F543D5C499}.Debug|Any CPU.Build.0 = Debug|Any CPU
		{68A0CE8E-3AEE-47E4-9E23-B6F543D5C499}.Debug|x64.ActiveCfg = Debug|Any CPU
		{68A0CE8E-3AEE-47E4-9E23-B6F543D5C499}.Debug|x64.Build.0 = Debug|Any CPU
		{68A0CE8E-3AEE-47E4-9E23-B6F543D5C499}.Debug|x86.ActiveCfg = Debug|Any CPU
		{68A0CE8E-3AEE-47E4-9E23-B6F543D5C499}.Debug|x86.Build.0 = Debug|Any CPU
		{68A0CE8E-3AEE-47E4-9E23-B6F543D5C499}.Release|Any CPU.ActiveCfg = Release|Any CPU
		{68A0CE8E-3AEE-47E4-9E23-B6F543D5C499}.Release|Any CPU.Build.0 = Release|Any CPU
		{68A0CE8E-3AEE-47E4-9E23-B6F543D5C499}.Release|x64.ActiveCfg = Release|Any CPU
		{68A0CE8E-3AEE-47E4-9E23-B6F543D5C499}.Release|x64.Build.0 = Release|Any CPU
		{68A0CE8E-3AEE-47E4-9E23-B6F543D5C499}.Release|x86.ActiveCfg = Release|Any CPU
		{68A0CE8E-3AEE-47E4-9E23-B6F543D5C499}.Release|x86.Build.0 = Release|Any CPU
	EndGlobalSection
	GlobalSection(SolutionProperties) = preSolution
		HideSolutionNode = FALSE
	EndGlobalSection
	GlobalSection(ExtensibilityGlobals) = postSolution
		SolutionGuid = {F0CE2316-7F74-4BEB-AF03-DCB48494859B}
	EndGlobalSection
EndGlobal
